
Microsoft Visual Studio Solution File, Format Version 12.00
# Visual Studio Version 16
VisualStudioVersion = 16.0.31105.61
MinimumVisualStudioVersion = 10.0.40219.1
Project("{FAE04EC0-301F-11D3-BF4B-00C04F79EFBC}") = "Slider", "Slider\Slider.csproj", "{77379670-8370-4F5D-9D6B-75F6531AF935}"
EndProject
Global
	GlobalSection(SolutionConfigurationPlatforms) = preSolution
		Debug|Any CPU = Debug|Any CPU
		Release|Any CPU = Release|Any CPU
	EndGlobalSection
	GlobalSection(ProjectConfigurationPlatforms) = postSolution
		{77379670-8370-4F5D-9D6B-75F6531AF935}.Debug|Any CPU.ActiveCfg = Debug|Any CPU
		{77379670-8370-4F5D-9D6B-75F6531AF935}.Debug|Any CPU.Build.0 = Debug|Any CPU
		{77379670-8370-4F5D-9D6B-75F6531AF935}.Release|Any CPU.ActiveCfg = Release|Any CPU
		{77379670-8370-4F5D-9D6B-75F6531AF935}.Release|Any CPU.Build.0 = Release|Any CPU
	EndGlobalSection
	GlobalSection(SolutionProperties) = preSolution
		HideSolutionNode = FALSE
	EndGlobalSection
	GlobalSection(ExtensibilityGlobals) = postSolution
		SolutionGuid = {24DAB40D-95FF-410B-B044-F18A40774F33}
	EndGlobalSection
EndGlobal
